github.com/go-gl/gl v0.0.0-20231021071112-07e5d0ea2e71 h1:5BVwOaUSBTlVZowGO6VZGw2H/zl9nrd3eCZfYV+NfQA=
github.com/go-gl/gl v0.0.0-20231021071112-07e5d0ea2e71/go.mod h1:9YTyiznxEY1fVinfM7RvRcjRHbw2xLBJ3AAGIT0I4Nw=
github.com/go-gl/glfw v0.0.0-20250301202403-da16c1255728 h1:Ak0LUgy7whfnJGPcjhR4oJ+THJNkXuhEfa+htfbz90o=
github.com/go-gl/glfw v0.0.0-20250301202403-da16c1255728/go.mod h1:fOxQgJvH6dIDHn5YOoXiNC8tUMMNuCgbMK2yZTlZVQA=
github.com/golang-ui/nuklear v0.0.0-20231115163627-2440a671efc5 h1:t00XavEnPpJOFDwMpJ1BfXqJuIoBGdlT16LmDBF6OBM=
github.com/golang-ui/nuklear v0.0.0-20231115163627-2440a671efc5/go.mod h1:xX2vbAOtImdmMK3nPye2JyxCZbPmbjg/IVBIzuxReKU=
github.com/veandco/go-sdl2 v0.4.40 h1:fZv6wC3zz1Xt167P09gazawnpa0KY5LM7JAvKpX9d/U=
github.com/veandco/go-sdl2 v0.4.40/go.mod h1:OROqMhHD43nT4/i9crJukyVecjPNYYuCofep6SNiAjY=
github.com/xlab/android-go v0.0.0-20221106204035-3cc54d5032fa h1:fJnl39vCautixum6jJL40AULKdF1r+2/IWzPHOcFCeM=
github.com/xlab/android-go v0.0.0-20221106204035-3cc54d5032fa/go.mod h1:WNGsHAaW0HwZ/T5KZPDOHJHtX+lHUElskKRPVtQ1/xs=
